
Microsoft Visual Studio Solution File, Format Version 12.00
# Visual Studio Version 16
VisualStudioVersion = 16.0.30413.136
MinimumVisualStudioVersion = 10.0.40219.1
Project("{FAE04EC0-301F-11D3-BF4B-00C04F79EFBC}") = "SteelTank-TestingEnvironment", "SteelTank-TestingEnvironment\SteelTank-TestingEnvironment.csproj", "{93DD51F3-58BE-449C-96F4-2CD347A4C962}"
EndProject
Global
	GlobalSection(SolutionConfigurationPlatforms) = preSolution
		Debug|Any CPU = Debug|Any CPU
		Release|Any CPU = Release|Any CPU
	EndGlobalSection
	GlobalSection(ProjectConfigurationPlatforms) = postSolution
		{93DD51F3-58BE-449C-96F4-2CD347A4C962}.Debug|Any CPU.ActiveCfg = Debug|Any CPU
		{93DD51F3-58BE-449C-96F4-2CD347A4C962}.Debug|Any CPU.Build.0 = Debug|Any CPU
		{93DD51F3-58BE-449C-96F4-2CD347A4C962}.Release|Any CPU.ActiveCfg = Release|Any CPU
		{93DD51F3-58BE-449C-96F4-2CD347A4C962}.Release|Any CPU.Build.0 = Release|Any CPU
	EndGlobalSection
	GlobalSection(SolutionProperties) = preSolution
		HideSolutionNode = FALSE
	EndGlobalSection
	GlobalSection(ExtensibilityGlobals) = postSolution
		SolutionGuid = {6A7FA42A-F0A8-44CF-B14C-90E37A633BE1}
	EndGlobalSection
EndGlobal
